PODS:
  - Alamofire (4.8.2)
  - EmptyDataSet-Swift (4.2.0)
  - HandyJSON (5.0.0-beta.1)
  - HMSegmentedControl (1.5.5)
  - IQKeyboardManagerSwift (6.2.1)
  - Kingfisher (4.10.1)
  - LLCycleScrollView (1.5.4):
    - Kingfisher (<= 4.10.1)
  - MBProgressHUD (1.1.0)
  - MJRefresh (3.1.16)
  - Moya (13.0.0):
    - Moya/Core (= 13.0.0)
  - Moya/Core (13.0.0):
    - Alamofire (~> 4.1)
    - Result (~> 4.1)
  - Result (4.1.0)
  - Reusable (4.0.5):
    - Reusable/Storyboard (= 4.0.5)
    - Reusable/View (= 4.0.5)
  - Reusable/Storyboard (4.0.5)
  - Reusable/View (4.0.5)
  - SnapKit (4.2.0)
  - SnapKitExtend (1.0.7):
    - SnapKit
  - Then (2.4.0)
  - UINavigation-SXFixSpace-Swift (1.1.7)

DEPENDENCIES:
  - EmptyDataSet-Swift
  - HandyJSON (= 5.0.0-beta.1)
  - HMSegmentedControl
  - IQKeyboardManagerSwift
  - Kingfisher
  - LLCycleScrollView
  - MBProgressHUD
  - MJRefresh
  - Moya
  - Reusable
  - SnapKitExtend
  - Then
  - UINavigation-SXFixSpace-Swift

SPEC REPOS:
  https://github.com/cocoapods/specs.git:
    - Alamofire
    - EmptyDataSet-Swift
    - HandyJSON
    - HMSegmentedControl
    - IQKeyboardManagerSwift
    - Kingfisher
    - LLCycleScrollView
    - MBProgressHUD
    - MJRefresh
    - Moya
    - Result
    - Reusable
    - SnapKit
    - SnapKitExtend
    - Then
    - UINavigation-SXFixSpace-Swift

SPEC CHECKSUMS:
  Alamofire: ae5c501addb7afdbb13687d7f2f722c78734c2d3
  EmptyDataSet-Swift: 1fa0b35f530a35f852ecb2b53564728b0c300aaf
  HandyJSON: 582477127ab3ab65bd2e471815f1a7b846856978
  HMSegmentedControl: f514c6dad47aa3065e0ed2e8046b73efc71221b9
  IQKeyboardManagerSwift: 0f0ae8935360b4003e6ea1ac7c19898f01e2f7c7
  Kingfisher: c148cd7b47ebde9989f6bc7c27dcaa79d81279a0
  LLCycleScrollView: 77f6e11980d1cd010ee9ee87e94da4e8026ccd21
  MBProgressHUD: e7baa36a220447d8aeb12769bf0585582f3866d9
  MJRefresh: 7798e16e53a5ef7f332dd05b27664db4e29530fd
  Moya: 161263550064ff8a4948e8ff63137fd72a876292
  Result: bd966fac789cc6c1563440b348ab2598cc24d5c7
  Reusable: 188be1a54ac0691bc66e5bb24ec6eb91971b315b
  SnapKit: fe8a619752f3f27075cc9a90244d75c6c3f27e2a
  SnapKitExtend: 00ee4db6d1f80bee01a1e75745f2a6ae695ba662
  Then: 71866660c7af35a7343831f7668e7cd2b62ee0f2
  UINavigation-SXFixSpace-Swift: 6db89c7d9565060d84133b1fd4d02182f88a1d7c

PODFILE CHECKSUM: 3e8f9ceb22548966de72c4c3bab3303da0e8e60d

COCOAPODS: 1.6.0
