// !$*UTF8*$!
{
	archiveVersion = 1;
	classes = {
	};
	objectVersion = 48;
	objects = {

/* Begin PBXBuildFile section */
		22B002FBB03175E52ABC19F2 /* Pods_U17.framework in Frameworks */ = {isa = PBXBuildFile; fileRef = FFAC76C53431EC466C69E89C /* Pods_U17.framework */; };
		56286F5B1F9F20A40055DD81 /* UModel.swift in Sources */ = {isa = PBXBuildFile; fileRef = 56286F5A1F9F20A40055DD81 /* UModel.swift */; };
		5668D36C1F7E146B00D24C39 /* Assets.xcassets in Resources */ = {isa = PBXBuildFile; fileRef = 5668D36B1F7E146B00D24C39 /* Assets.xcassets */; };
		5668D36F1F7E146B00D24C39 /* LaunchScreen.storyboard in Resources */ = {isa = PBXBuildFile; fileRef = 5668D36D1F7E146B00D24C39 /* LaunchScreen.storyboard */; };
		566B69BC1FCFA4CC003E0CA7 /* ArrayExtensions.swift in Sources */ = {isa = PBXBuildFile; fileRef = 566B69B21FCFA4CC003E0CA7 /* ArrayExtensions.swift */; };
		566B69BD1FCFA4CC003E0CA7 /* UIColorExtension.swift in Sources */ = {isa = PBXBuildFile; fileRef = 566B69B31FCFA4CC003E0CA7 /* UIColorExtension.swift */; };
		566B69BE1FCFA4CC003E0CA7 /* UIBarButtonItemFixSpace.swift in Sources */ = {isa = PBXBuildFile; fileRef = 566B69B41FCFA4CC003E0CA7 /* UIBarButtonItemFixSpace.swift */; };
		566B69BF1FCFA4CC003E0CA7 /* UIViewExtension.swift in Sources */ = {isa = PBXBuildFile; fileRef = 566B69B51FCFA4CC003E0CA7 /* UIViewExtension.swift */; };
		566B69C01FCFA4CC003E0CA7 /* UIBarButtonItemExtension.swift in Sources */ = {isa = PBXBuildFile; fileRef = 566B69B61FCFA4CC003E0CA7 /* UIBarButtonItemExtension.swift */; };
		566B69C11FCFA4CC003E0CA7 /* UIDeviceExtension.swift in Sources */ = {isa = PBXBuildFile; fileRef = 566B69B71FCFA4CC003E0CA7 /* UIDeviceExtension.swift */; };
		566B69C21FCFA4CC003E0CA7 /* UIImageExtensions.swift in Sources */ = {isa = PBXBuildFile; fileRef = 566B69B81FCFA4CC003E0CA7 /* UIImageExtensions.swift */; };
		566B69C31FCFA4CC003E0CA7 /* DispatchQueueExtension.swift in Sources */ = {isa = PBXBuildFile; fileRef = 566B69B91FCFA4CC003E0CA7 /* DispatchQueueExtension.swift */; };
		566B69C41FCFA4CC003E0CA7 /* StringExtension.swift in Sources */ = {isa = PBXBuildFile; fileRef = 566B69BA1FCFA4CC003E0CA7 /* StringExtension.swift */; };
		566B69C51FCFA4CC003E0CA7 /* DictionaryExtension.swift in Sources */ = {isa = PBXBuildFile; fileRef = 566B69BB1FCFA4CC003E0CA7 /* DictionaryExtension.swift */; };
		566B69DB1FCFA560003E0CA7 /* USettingViewController.swift in Sources */ = {isa = PBXBuildFile; fileRef = 566B69D61FCFA560003E0CA7 /* USettingViewController.swift */; };
		56B18A521F7E1D4D008E7175 /* UAPI.swift in Sources */ = {isa = PBXBuildFile; fileRef = 56B18A511F7E1D4D008E7175 /* UAPI.swift */; };
/* End PBXBuildFile section */

/* Begin PBXFileReference section */
		1B31C0FDA7877523F6713C43 /* Pods-U17.debug.xcconfig */ = {isa = PBXFileReference; includeInIndex = 1; lastKnownFileType = text.xcconfig; name = "Pods-U17.debug.xcconfig"; path = "Pods/Target Support Files/Pods-U17/Pods-U17.debug.xcconfig"; sourceTree = "<group>"; };
		56286F5A1F9F20A40055DD81 /* UModel.swift */ = {isa = PBXFileReference; lastKnownFileType = sourcecode.swift; path = UModel.swift; sourceTree = "<group>"; };
		5668D3611F7E146B00D24C39 /* U17.app */ = {isa = PBXFileReference; explicitFileType = wrapper.application; includeInIndex = 0; path = U17.app; sourceTree = BUILT_PRODUCTS_DIR; };
		5668D36B1F7E146B00D24C39 /* Assets.xcassets */ = {isa = PBXFileReference; lastKnownFileType = folder.assetcatalog; path = Assets.xcassets; sourceTree = "<group>"; };
		5668D36E1F7E146B00D24C39 /* Base */ = {isa = PBXFileReference; lastKnownFileType = file.storyboard; name = Base; path = Base.lproj/LaunchScreen.storyboard; sourceTree = "<group>"; };
		5668D3701F7E146B00D24C39 /* Info.plist */ = {isa = PBXFileReference; lastKnownFileType = text.plist.xml; path = Info.plist; sourceTree = "<group>"; };
		566B69B21FCFA4CC003E0CA7 /* ArrayExtensions.swift */ = {isa = PBXFileReference; fileEncoding = 4; lastKnownFileType = sourcecode.swift; path = ArrayExtensions.swift; sourceTree = "<group>"; };
		566B69B31FCFA4CC003E0CA7 /* UIColorExtension.swift */ = {isa = PBXFileReference; fileEncoding = 4; lastKnownFileType = sourcecode.swift; path = UIColorExtension.swift; sourceTree = "<group>"; };
		566B69B41FCFA4CC003E0CA7 /* UIBarButtonItemFixSpace.swift */ = {isa = PBXFileReference; fileEncoding = 4; lastKnownFileType = sourcecode.swift; path = UIBarButtonItemFixSpace.swift; sourceTree = "<group>"; };
		566B69B51FCFA4CC003E0CA7 /* UIViewExtension.swift */ = {isa = PBXFileReference; fileEncoding = 4; lastKnownFileType = sourcecode.swift; path = UIViewExtension.swift; sourceTree = "<group>"; };
		566B69B61FCFA4CC003E0CA7 /* UIBarButtonItemExtension.swift */ = {isa = PBXFileReference; fileEncoding = 4; lastKnownFileType = sourcecode.swift; path = UIBarButtonItemExtension.swift; sourceTree = "<group>"; };
		566B69B71FCFA4CC003E0CA7 /* UIDeviceExtension.swift */ = {isa = PBXFileReference; fileEncoding = 4; lastKnownFileType = sourcecode.swift; path = UIDeviceExtension.swift; sourceTree = "<group>"; };
		566B69B81FCFA4CC003E0CA7 /* UIImageExtensions.swift */ = {isa = PBXFileReference; fileEncoding = 4; lastKnownFileType = sourcecode.swift; path = UIImageExtensions.swift; sourceTree = "<group>"; };
		566B69B91FCFA4CC003E0CA7 /* DispatchQueueExtension.swift */ = {isa = PBXFileReference; fileEncoding = 4; lastKnownFileType = sourcecode.swift; path = DispatchQueueExtension.swift; sourceTree = "<group>"; };
		566B69BA1FCFA4CC003E0CA7 /* StringExtension.swift */ = {isa = PBXFileReference; fileEncoding = 4; lastKnownFileType = sourcecode.swift; path = StringExtension.swift; sourceTree = "<group>"; };
		566B69BB1FCFA4CC003E0CA7 /* DictionaryExtension.swift */ = {isa = PBXFileReference; fileEncoding = 4; lastKnownFileType = sourcecode.swift; path = DictionaryExtension.swift; sourceTree = "<group>"; };
		566B69D61FCFA560003E0CA7 /* USettingViewController.swift */ = {isa = PBXFileReference; fileEncoding = 4; lastKnownFileType = sourcecode.swift; path = USettingViewController.swift; sourceTree = "<group>"; };
		56B18A511F7E1D4D008E7175 /* UAPI.swift */ = {isa = PBXFileReference; lastKnownFileType = sourcecode.swift; path = UAPI.swift; sourceTree = "<group>"; };
		85B583B6AD0CA533D314EB69 /* Pods-U17.release.xcconfig */ = {isa = PBXFileReference; includeInIndex = 1; lastKnownFileType = text.xcconfig; name = "Pods-U17.release.xcconfig"; path = "Pods/Target Support Files/Pods-U17/Pods-U17.release.xcconfig"; sourceTree = "<group>"; };
		FFAC76C53431EC466C69E89C /* Pods_U17.framework */ = {isa = PBXFileReference; explicitFileType = wrapper.framework; includeInIndex = 0; path = Pods_U17.framework; sourceTree = BUILT_PRODUCTS_DIR; };
/* End PBXFileReference section */

/* Begin PBXFrameworksBuildPhase section */
		5668D35E1F7E146B00D24C39 /* Frameworks */ = {
			isa = PBXFrameworksBuildPhase;
			buildActionMask = 2147483647;
			files = (
				22B002FBB03175E52ABC19F2 /* Pods_U17.framework in Frameworks */,
			);
			runOnlyForDeploymentPostprocessing = 0;
		};
/* End PBXFrameworksBuildPhase section */

/* Begin PBXGroup section */
		189557B973F75DEFEFBBC33F /* Frameworks */ = {
			isa = PBXGroup;
			children = (
				FFAC76C53431EC466C69E89C /* Pods_U17.framework */,
			);
			name = Frameworks;
			sourceTree = "<group>";
		};
		56286F591F9F1EDA0055DD81 /* Model */ = {
			isa = PBXGroup;
			children = (
				56286F5A1F9F20A40055DD81 /* UModel.swift */,
			);
			path = Model;
			sourceTree = "<group>";
		};
		5668D3581F7E146B00D24C39 = {
			isa = PBXGroup;
			children = (
				5668D3631F7E146B00D24C39 /* U17 */,
				5668D3621F7E146B00D24C39 /* Products */,
				9EEB24EB93BB2AA700B97EF9 /* Pods */,
				189557B973F75DEFEFBBC33F /* Frameworks */,
			);
			sourceTree = "<group>";
		};
		5668D3621F7E146B00D24C39 /* Products */ = {
			isa = PBXGroup;
			children = (
				5668D3611F7E146B00D24C39 /* U17.app */,
			);
			name = Products;
			sourceTree = "<group>";
		};
		5668D3631F7E146B00D24C39 /* U17 */ = {
			isa = PBXGroup;
			children = (
				5668D3701F7E146B00D24C39 /* Info.plist */,
				5668D36B1F7E146B00D24C39 /* Assets.xcassets */,
				566B69CD1FCFA560003E0CA7 /* Procedure */,
				566B69C61FCFA531003E0CA7 /* Component */,
				566B69B11FCFA4CC003E0CA7 /* Extension */,
				56B18A501F7E1D37008E7175 /* API */,
				5668D36D1F7E146B00D24C39 /* LaunchScreen.storyboard */,
				56286F591F9F1EDA0055DD81 /* Model */,
			);
			path = U17;
			sourceTree = "<group>";
		};
		566B69B11FCFA4CC003E0CA7 /* Extension */ = {
			isa = PBXGroup;
			children = (
				566B69B21FCFA4CC003E0CA7 /* ArrayExtensions.swift */,
				566B69B31FCFA4CC003E0CA7 /* UIColorExtension.swift */,
				566B69B41FCFA4CC003E0CA7 /* UIBarButtonItemFixSpace.swift */,
				566B69B51FCFA4CC003E0CA7 /* UIViewExtension.swift */,
				566B69B61FCFA4CC003E0CA7 /* UIBarButtonItemExtension.swift */,
				566B69B71FCFA4CC003E0CA7 /* UIDeviceExtension.swift */,
				566B69B81FCFA4CC003E0CA7 /* UIImageExtensions.swift */,
				566B69B91FCFA4CC003E0CA7 /* DispatchQueueExtension.swift */,
				566B69BA1FCFA4CC003E0CA7 /* StringExtension.swift */,
				566B69BB1FCFA4CC003E0CA7 /* DictionaryExtension.swift */,
			);
			name = Extension;
			path = "../../../未命名文件夹/U17/U17/U17/Extension";
			sourceTree = "<group>";
		};
		566B69C61FCFA531003E0CA7 /* Component */ = {
			isa = PBXGroup;
			children = (
				566B69C71FCFA531003E0CA7 /* CollectionViewLayout */,
				566B69C81FCFA531003E0CA7 /* Refresh */,
				566B69C91FCFA531003E0CA7 /* EmptyDataSet */,
				566B69CA1FCFA531003E0CA7 /* SnapKitExtension */,
				566B69CB1FCFA531003E0CA7 /* ParallaxHeader */,
				566B69CC1FCFA531003E0CA7 /* NoticeBar */,
			);
			path = Component;
			sourceTree = "<group>";
		};
		566B69C71FCFA531003E0CA7 /* CollectionViewLayout */ = {
			isa = PBXGroup;
			children = (
			);
			path = CollectionViewLayout;
			sourceTree = "<group>";
		};
		566B69C81FCFA531003E0CA7 /* Refresh */ = {
			isa = PBXGroup;
			children = (
			);
			path = Refresh;
			sourceTree = "<group>";
		};
		566B69C91FCFA531003E0CA7 /* EmptyDataSet */ = {
			isa = PBXGroup;
			children = (
			);
			path = EmptyDataSet;
			sourceTree = "<group>";
		};
		566B69CA1FCFA531003E0CA7 /* SnapKitExtension */ = {
			isa = PBXGroup;
			children = (
			);
			path = SnapKitExtension;
			sourceTree = "<group>";
		};
		566B69CB1FCFA531003E0CA7 /* ParallaxHeader */ = {
			isa = PBXGroup;
			children = (
			);
			path = ParallaxHeader;
			sourceTree = "<group>";
		};
		566B69CC1FCFA531003E0CA7 /* NoticeBar */ = {
			isa = PBXGroup;
			children = (
			);
			path = NoticeBar;
			sourceTree = "<group>";
		};
		566B69CD1FCFA560003E0CA7 /* Procedure */ = {
			isa = PBXGroup;
			children = (
				566B69CE1FCFA560003E0CA7 /* Search */,
				566B69D01FCFA560003E0CA7 /* Cate */,
				566B69D41FCFA560003E0CA7 /* Mine */,
				566B69D71FCFA560003E0CA7 /* Book */,
				566B69D91FCFA560003E0CA7 /* Base */,
			);
			path = Procedure;
			sourceTree = "<group>";
		};
		566B69CE1FCFA560003E0CA7 /* Search */ = {
			isa = PBXGroup;
			children = (
				566B69CF1FCFA560003E0CA7 /* ViewController */,
			);
			path = Search;
			sourceTree = "<group>";
		};
		566B69CF1FCFA560003E0CA7 /* ViewController */ = {
			isa = PBXGroup;
			children = (
			);
			path = ViewController;
			sourceTree = "<group>";
		};
		566B69D01FCFA560003E0CA7 /* Cate */ = {
			isa = PBXGroup;
			children = (
				566B69D11FCFA560003E0CA7 /* ViewModel */,
				566B69D21FCFA560003E0CA7 /* View */,
				566B69D31FCFA560003E0CA7 /* ViewController */,
			);
			path = Cate;
			sourceTree = "<group>";
		};
		566B69D11FCFA560003E0CA7 /* ViewModel */ = {
			isa = PBXGroup;
			children = (
			);
			path = ViewModel;
			sourceTree = "<group>";
		};
		566B69D21FCFA560003E0CA7 /* View */ = {
			isa = PBXGroup;
			children = (
			);
			path = View;
			sourceTree = "<group>";
		};
		566B69D31FCFA560003E0CA7 /* ViewController */ = {
			isa = PBXGroup;
			children = (
			);
			path = ViewController;
			sourceTree = "<group>";
		};
		566B69D41FCFA560003E0CA7 /* Mine */ = {
			isa = PBXGroup;
			children = (
				566B69D51FCFA560003E0CA7 /* ViewController */,
			);
			path = Mine;
			sourceTree = "<group>";
		};
		566B69D51FCFA560003E0CA7 /* ViewController */ = {
			isa = PBXGroup;
			children = (
				566B69D61FCFA560003E0CA7 /* USettingViewController.swift */,
			);
			path = ViewController;
			sourceTree = "<group>";
		};
		566B69D71FCFA560003E0CA7 /* Book */ = {
			isa = PBXGroup;
			children = (
				566B69D81FCFA560003E0CA7 /* ViewController */,
			);
			path = Book;
			sourceTree = "<group>";
		};
		566B69D81FCFA560003E0CA7 /* ViewController */ = {
			isa = PBXGroup;
			children = (
			);
			path = ViewController;
			sourceTree = "<group>";
		};
		566B69D91FCFA560003E0CA7 /* Base */ = {
			isa = PBXGroup;
			children = (
				566B69DA1FCFA560003E0CA7 /* View */,
			);
			path = Base;
			sourceTree = "<group>";
		};
		566B69DA1FCFA560003E0CA7 /* View */ = {
			isa = PBXGroup;
			children = (
			);
			path = View;
			sourceTree = "<group>";
		};
		56B18A501F7E1D37008E7175 /* API */ = {
			isa = PBXGroup;
			children = (
				56B18A511F7E1D4D008E7175 /* UAPI.swift */,
			);
			path = API;
			sourceTree = "<group>";
		};
		9EEB24EB93BB2AA700B97EF9 /* Pods */ = {
			isa = PBXGroup;
			children = (
				1B31C0FDA7877523F6713C43 /* Pods-U17.debug.xcconfig */,
				85B583B6AD0CA533D314EB69 /* Pods-U17.release.xcconfig */,
			);
			name = Pods;
			sourceTree = "<group>";
		};
/* End PBXGroup section */

/* Begin PBXNativeTarget section */
		5668D3601F7E146B00D24C39 /* U17 */ = {
			isa = PBXNativeTarget;
			buildConfigurationList = 5668D3731F7E146B00D24C39 /* Build configuration list for PBXNativeTarget "U17" */;
			buildPhases = (
				8E6245479264A76207C58FE1 /* [CP] Check Pods Manifest.lock */,
				5668D35D1F7E146B00D24C39 /* Sources */,
				5668D35E1F7E146B00D24C39 /* Frameworks */,
				5668D35F1F7E146B00D24C39 /* Resources */,
				EDCA23FDBAE0F893857098B7 /* [CP] Embed Pods Frameworks */,
				374E672E92C87011E031E867 /* [CP] Copy Pods Resources */,
			);
			buildRules = (
			);
			dependencies = (
			);
			name = U17;
			productName = U17;
			productReference = 5668D3611F7E146B00D24C39 /* U17.app */;
			productType = "com.apple.product-type.application";
		};
/* End PBXNativeTarget section */

/* Begin PBXProject section */
		5668D3591F7E146B00D24C39 /* Project object */ = {
			isa = PBXProject;
			attributes = {
				CLASSPREFIX = U;
				LastSwiftUpdateCheck = 0900;
				LastUpgradeCheck = 0900;
				ORGANIZATIONNAME = None;
				TargetAttributes = {
					5668D3601F7E146B00D24C39 = {
						CreatedOnToolsVersion = 9.0;
						LastSwiftMigration = 0910;
						ProvisioningStyle = Automatic;
					};
				};
			};
			buildConfigurationList = 5668D35C1F7E146B00D24C39 /* Build configuration list for PBXProject "U17" */;
			compatibilityVersion = "Xcode 8.0";
			developmentRegion = en;
			hasScannedForEncodings = 0;
			knownRegions = (
				en,
				Base,
			);
			mainGroup = 5668D3581F7E146B00D24C39;
			productRefGroup = 5668D3621F7E146B00D24C39 /* Products */;
			projectDirPath = "";
			projectRoot = "";
			targets = (
				5668D3601F7E146B00D24C39 /* U17 */,
			);
		};
/* End PBXProject section */

/* Begin PBXResourcesBuildPhase section */
		5668D35F1F7E146B00D24C39 /* Resources */ = {
			isa = PBXResourcesBuildPhase;
			buildActionMask = 2147483647;
			files = (
				5668D36F1F7E146B00D24C39 /* LaunchScreen.storyboard in Resources */,
				5668D36C1F7E146B00D24C39 /* Assets.xcassets in Resources */,
			);
			runOnlyForDeploymentPostprocessing = 0;
		};
/* End PBXResourcesBuildPhase section */

/* Begin PBXShellScriptBuildPhase section */
		374E672E92C87011E031E867 /* [CP] Copy Pods Resources */ = {
			isa = PBXShellScriptBuildPhase;
			buildActionMask = 2147483647;
			files = (
			);
			inputPaths = (
			);
			name = "[CP] Copy Pods Resources";
			outputPaths = (
			);
			runOnlyForDeploymentPostprocessing = 0;
			shellPath = /bin/sh;
			shellScript = "\"${SRCROOT}/Pods/Target Support Files/Pods-U17/Pods-U17-resources.sh\"\n";
			showEnvVarsInLog = 0;
		};
		8E6245479264A76207C58FE1 /* [CP] Check Pods Manifest.lock */ = {
			isa = PBXShellScriptBuildPhase;
			buildActionMask = 2147483647;
			files = (
			);
			inputPaths = (
				"${PODS_PODFILE_DIR_PATH}/Podfile.lock",
				"${PODS_ROOT}/Manifest.lock",
			);
			name = "[CP] Check Pods Manifest.lock";
			outputPaths = (
				"$(DERIVED_FILE_DIR)/Pods-U17-checkManifestLockResult.txt",
			);
			runOnlyForDeploymentPostprocessing = 0;
			shellPath = /bin/sh;
			shellScript = "diff \"${PODS_PODFILE_DIR_PATH}/Podfile.lock\" \"${PODS_ROOT}/Manifest.lock\" > /dev/null\nif [ $? != 0 ] ; then\n    # print error to STDERR\n    echo \"error: The sandbox is not in sync with the Podfile.lock. Run 'pod install' or update your CocoaPods installation.\" >&2\n    exit 1\nfi\n# This output is used by Xcode 'outputs' to avoid re-running this script phase.\necho \"SUCCESS\" > \"${SCRIPT_OUTPUT_FILE_0}\"\n";
			showEnvVarsInLog = 0;
		};
		EDCA23FDBAE0F893857098B7 /* [CP] Embed Pods Frameworks */ = {
			isa = PBXShellScriptBuildPhase;
			buildActionMask = 2147483647;
			files = (
			);
			inputPaths = (
				"${SRCROOT}/Pods/Target Support Files/Pods-U17/Pods-U17-frameworks.sh",
				"${BUILT_PRODUCTS_DIR}/Alamofire/Alamofire.framework",
				"${BUILT_PRODUCTS_DIR}/EmptyDataSet-Swift/EmptyDataSet_Swift.framework",
				"${BUILT_PRODUCTS_DIR}/HMSegmentedControl/HMSegmentedControl.framework",
				"${BUILT_PRODUCTS_DIR}/HandyJSON/HandyJSON.framework",
				"${BUILT_PRODUCTS_DIR}/IQKeyboardManagerSwift/IQKeyboardManagerSwift.framework",
				"${BUILT_PRODUCTS_DIR}/Kingfisher/Kingfisher.framework",
				"${BUILT_PRODUCTS_DIR}/LLCycleScrollView/LLCycleScrollView.framework",
				"${BUILT_PRODUCTS_DIR}/MBProgressHUD/MBProgressHUD.framework",
				"${BUILT_PRODUCTS_DIR}/MJRefresh/MJRefresh.framework",
				"${BUILT_PRODUCTS_DIR}/Moya/Moya.framework",
				"${BUILT_PRODUCTS_DIR}/ReachabilitySwift/Reachability.framework",
				"${BUILT_PRODUCTS_DIR}/Result/Result.framework",
				"${BUILT_PRODUCTS_DIR}/Reusable/Reusable.framework",
				"${BUILT_PRODUCTS_DIR}/SnapKit/SnapKit.framework",
				"${BUILT_PRODUCTS_DIR}/Then/Then.framework",
			);
			name = "[CP] Embed Pods Frameworks";
			outputPaths = (
				"${TARGET_BUILD_DIR}/${FRAMEWORKS_FOLDER_PATH}/Alamofire.framework",
				"${TARGET_BUILD_DIR}/${FRAMEWORKS_FOLDER_PATH}/EmptyDataSet_Swift.framework",
				"${TARGET_BUILD_DIR}/${FRAMEWORKS_FOLDER_PATH}/HMSegmentedControl.framework",
				"${TARGET_BUILD_DIR}/${FRAMEWORKS_FOLDER_PATH}/HandyJSON.framework",
				"${TARGET_BUILD_DIR}/${FRAMEWORKS_FOLDER_PATH}/IQKeyboardManagerSwift.framework",
				"${TARGET_BUILD_DIR}/${FRAMEWORKS_FOLDER_PATH}/Kingfisher.framework",
				"${TARGET_BUILD_DIR}/${FRAMEWORKS_FOLDER_PATH}/LLCycleScrollView.framework",
				"${TARGET_BUILD_DIR}/${FRAMEWORKS_FOLDER_PATH}/MBProgressHUD.framework",
				"${TARGET_BUILD_DIR}/${FRAMEWORKS_FOLDER_PATH}/MJRefresh.framework",
				"${TARGET_BUILD_DIR}/${FRAMEWORKS_FOLDER_PATH}/Moya.framework",
				"${TARGET_BUILD_DIR}/${FRAMEWORKS_FOLDER_PATH}/Reachability.framework",
				"${TARGET_BUILD_DIR}/${FRAMEWORKS_FOLDER_PATH}/Result.framework",
				"${TARGET_BUILD_DIR}/${FRAMEWORKS_FOLDER_PATH}/Reusable.framework",
				"${TARGET_BUILD_DIR}/${FRAMEWORKS_FOLDER_PATH}/SnapKit.framework",
				"${TARGET_BUILD_DIR}/${FRAMEWORKS_FOLDER_PATH}/Then.framework",
			);
			runOnlyForDeploymentPostprocessing = 0;
			shellPath = /bin/sh;
			shellScript = "\"${SRCROOT}/Pods/Target Support Files/Pods-U17/Pods-U17-frameworks.sh\"\n";
			showEnvVarsInLog = 0;
		};
/* End PBXShellScriptBuildPhase section */

/* Begin PBXSourcesBuildPhase section */
		5668D35D1F7E146B00D24C39 /* Sources */ = {
			isa = PBXSourcesBuildPhase;
			buildActionMask = 2147483647;
			files = (
				566B69DB1FCFA560003E0CA7 /* USettingViewController.swift in Sources */,
				566B69C21FCFA4CC003E0CA7 /* UIImageExtensions.swift in Sources */,
				566B69BF1FCFA4CC003E0CA7 /* UIViewExtension.swift in Sources */,
				566B69BE1FCFA4CC003E0CA7 /* UIBarButtonItemFixSpace.swift in Sources */,
				566B69C51FCFA4CC003E0CA7 /* DictionaryExtension.swift in Sources */,
				56B18A521F7E1D4D008E7175 /* UAPI.swift in Sources */,
				566B69BC1FCFA4CC003E0CA7 /* ArrayExtensions.swift in Sources */,
				566B69C01FCFA4CC003E0CA7 /* UIBarButtonItemExtension.swift in Sources */,
				566B69C11FCFA4CC003E0CA7 /* UIDeviceExtension.swift in Sources */,
				566B69C31FCFA4CC003E0CA7 /* DispatchQueueExtension.swift in Sources */,
				56286F5B1F9F20A40055DD81 /* UModel.swift in Sources */,
				566B69C41FCFA4CC003E0CA7 /* StringExtension.swift in Sources */,
				566B69BD1FCFA4CC003E0CA7 /* UIColorExtension.swift in Sources */,
			);
			runOnlyForDeploymentPostprocessing = 0;
		};
/* End PBXSourcesBuildPhase section */

/* Begin PBXVariantGroup section */
		5668D36D1F7E146B00D24C39 /* LaunchScreen.storyboard */ = {
			isa = PBXVariantGroup;
			children = (
				5668D36E1F7E146B00D24C39 /* Base */,
			);
			name = LaunchScreen.storyboard;
			sourceTree = "<group>";
		};
/* End PBXVariantGroup section */

/* Begin XCBuildConfiguration section */
		5668D3711F7E146B00D24C39 /* Debug */ = {
			isa = XCBuildConfiguration;
			buildSettings = {
				ALWAYS_SEARCH_USER_PATHS = NO;
				CLANG_ANALYZER_NONNULL = YES;
				CLANG_ANALYZER_NUMBER_OBJECT_CONVERSION = YES_AGGRESSIVE;
				CLANG_CXX_LANGUAGE_STANDARD = "gnu++14";
				CLANG_CXX_LIBRARY = "libc++";
				CLANG_ENABLE_MODULES = YES;
				CLANG_ENABLE_OBJC_ARC = YES;
				CLANG_WARN_BLOCK_CAPTURE_AUTORELEASING = YES;
				CLANG_WARN_BOOL_CONVERSION = YES;
				CLANG_WARN_COMMA = YES;
				CLANG_WARN_CONSTANT_CONVERSION = YES;
				CLANG_WARN_DIRECT_OBJC_ISA_USAGE = YES_ERROR;
				CLANG_WARN_DOCUMENTATION_COMMENTS = YES;
				CLANG_WARN_EMPTY_BODY = YES;
				CLANG_WARN_ENUM_CONVERSION = YES;
				CLANG_WARN_INFINITE_RECURSION = YES;
				CLANG_WARN_INT_CONVERSION = YES;
				CLANG_WARN_NON_LITERAL_NULL_CONVERSION = YES;
				CLANG_WARN_OBJC_LITERAL_CONVERSION = YES;
				CLANG_WARN_OBJC_ROOT_CLASS = YES_ERROR;
				CLANG_WARN_RANGE_LOOP_ANALYSIS = YES;
				CLANG_WARN_STRICT_PROTOTYPES = YES;
				CLANG_WARN_SUSPICIOUS_MOVE = YES;
				CLANG_WARN_UNGUARDED_AVAILABILITY = YES_AGGRESSIVE;
				CLANG_WARN_UNREACHABLE_CODE = YES;
				CLANG_WARN__DUPLICATE_METHOD_MATCH = YES;
				CODE_SIGN_IDENTITY = "iPhone Developer";
				COPY_PHASE_STRIP = NO;
				DEBUG_INFORMATION_FORMAT = dwarf;
				ENABLE_STRICT_OBJC_MSGSEND = YES;
				ENABLE_TESTABILITY = YES;
				GCC_C_LANGUAGE_STANDARD = gnu11;
				GCC_DYNAMIC_NO_PIC = NO;
				GCC_NO_COMMON_BLOCKS = YES;
				GCC_OPTIMIZATION_LEVEL = 0;
				GCC_PREPROCESSOR_DEFINITIONS = (
					"DEBUG=1",
					"$(inherited)",
				);
				GCC_WARN_64_TO_32_BIT_CONVERSION = YES;
				GCC_WARN_ABOUT_RETURN_TYPE = YES_ERROR;
				GCC_WARN_UNDECLARED_SELECTOR = YES;
				GCC_WARN_UNINITIALIZED_AUTOS = YES_AGGRESSIVE;
				GCC_WARN_UNUSED_FUNCTION = YES;
				GCC_WARN_UNUSED_VARIABLE = YES;
				IPHONEOS_DEPLOYMENT_TARGET = 8.0;
				MTL_ENABLE_DEBUG_INFO = YES;
				ONLY_ACTIVE_ARCH = YES;
				SDKROOT = iphoneos;
				SWIFT_ACTIVE_COMPILATION_CONDITIONS = DEBUG;
				SWIFT_OPTIMIZATION_LEVEL = "-Onone";
			};
			name = Debug;
		};
		5668D3721F7E146B00D24C39 /* Release */ = {
			isa = XCBuildConfiguration;
			buildSettings = {
				ALWAYS_SEARCH_USER_PATHS = NO;
				CLANG_ANALYZER_NONNULL = YES;
				CLANG_ANALYZER_NUMBER_OBJECT_CONVERSION = YES_AGGRESSIVE;
				CLANG_CXX_LANGUAGE_STANDARD = "gnu++14";
				CLANG_CXX_LIBRARY = "libc++";
				CLANG_ENABLE_MODULES = YES;
				CLANG_ENABLE_OBJC_ARC = YES;
				CLANG_WARN_BLOCK_CAPTURE_AUTORELEASING = YES;
				CLANG_WARN_BOOL_CONVERSION = YES;
				CLANG_WARN_COMMA = YES;
				CLANG_WARN_CONSTANT_CONVERSION = YES;
				CLANG_WARN_DIRECT_OBJC_ISA_USAGE = YES_ERROR;
				CLANG_WARN_DOCUMENTATION_COMMENTS = YES;
				CLANG_WARN_EMPTY_BODY = YES;
				CLANG_WARN_ENUM_CONVERSION = YES;
				CLANG_WARN_INFINITE_RECURSION = YES;
				CLANG_WARN_INT_CONVERSION = YES;
				CLANG_WARN_NON_LITERAL_NULL_CONVERSION = YES;
				CLANG_WARN_OBJC_LITERAL_CONVERSION = YES;
				CLANG_WARN_OBJC_ROOT_CLASS = YES_ERROR;
				CLANG_WARN_RANGE_LOOP_ANALYSIS = YES;
				CLANG_WARN_STRICT_PROTOTYPES = YES;
				CLANG_WARN_SUSPICIOUS_MOVE = YES;
				CLANG_WARN_UNGUARDED_AVAILABILITY = YES_AGGRESSIVE;
				CLANG_WARN_UNREACHABLE_CODE = YES;
				CLANG_WARN__DUPLICATE_METHOD_MATCH = YES;
				CODE_SIGN_IDENTITY = "iPhone Developer";
				COPY_PHASE_STRIP = NO;
				DEBUG_INFORMATION_FORMAT = "dwarf-with-dsym";
				ENABLE_NS_ASSERTIONS = NO;
				ENABLE_STRICT_OBJC_MSGSEND = YES;
				GCC_C_LANGUAGE_STANDARD = gnu11;
				GCC_NO_COMMON_BLOCKS = YES;
				GCC_WARN_64_TO_32_BIT_CONVERSION = YES;
				GCC_WARN_ABOUT_RETURN_TYPE = YES_ERROR;
				GCC_WARN_UNDECLARED_SELECTOR = YES;
				GCC_WARN_UNINITIALIZED_AUTOS = YES_AGGRESSIVE;
				GCC_WARN_UNUSED_FUNCTION = YES;
				GCC_WARN_UNUSED_VARIABLE = YES;
				IPHONEOS_DEPLOYMENT_TARGET = 8.0;
				MTL_ENABLE_DEBUG_INFO = NO;
				SDKROOT = iphoneos;
				SWIFT_OPTIMIZATION_LEVEL = "-Owholemodule";
				VALIDATE_PRODUCT = YES;
			};
			name = Release;
		};
		5668D3741F7E146B00D24C39 /* Debug */ = {
			isa = XCBuildConfiguration;
			baseConfigurationReference = 1B31C0FDA7877523F6713C43 /* Pods-U17.debug.xcconfig */;
			buildSettings = {
				ASSETCATALOG_COMPILER_APPICON_NAME = AppIcon;
				CLANG_ENABLE_MODULES = YES;
				"CODE_SIGN_IDENTITY[sdk=iphoneos*]" = "iPhone Developer";
				CODE_SIGN_STYLE = Automatic;
				DEVELOPMENT_TEAM = 7L2YL73DRF;
				INFOPLIST_FILE = U17/Info.plist;
				IPHONEOS_DEPLOYMENT_TARGET = 8.0;
				LD_RUNPATH_SEARCH_PATHS = "$(inherited) @executable_path/Frameworks";
				OTHER_SWIFT_FLAGS = "$(inherited) \"-D\" \"COCOAPODS\" -D DEBUG";
				PRODUCT_BUNDLE_IDENTIFIER = com.charles.U17;
				PRODUCT_NAME = "$(TARGET_NAME)";
				PROVISIONING_PROFILE_SPECIFIER = "";
				SWIFT_OBJC_BRIDGING_HEADER = "";
				SWIFT_OPTIMIZATION_LEVEL = "-Onone";
				SWIFT_VERSION = 4.0;
				TARGETED_DEVICE_FAMILY = 1;
			};
			name = Debug;
		};
		5668D3751F7E146B00D24C39 /* Release */ = {
			isa = XCBuildConfiguration;
			baseConfigurationReference = 85B583B6AD0CA533D314EB69 /* Pods-U17.release.xcconfig */;
			buildSettings = {
				ASSETCATALOG_COMPILER_APPICON_NAME = AppIcon;
				CLANG_ENABLE_MODULES = YES;
				"CODE_SIGN_IDENTITY[sdk=iphoneos*]" = "iPhone Developer";
				CODE_SIGN_STYLE = Automatic;
				DEVELOPMENT_TEAM = 7L2YL73DRF;
				INFOPLIST_FILE = U17/Info.plist;
				IPHONEOS_DEPLOYMENT_TARGET = 8.0;
				LD_RUNPATH_SEARCH_PATHS = "$(inherited) @executable_path/Frameworks";
				OTHER_SWIFT_FLAGS = "$(inherited) \"-D\" \"COCOAPODS\"";
				PRODUCT_BUNDLE_IDENTIFIER = com.charles.U17;
				PRODUCT_NAME = "$(TARGET_NAME)";
				PROVISIONING_PROFILE_SPECIFIER = "";
				SWIFT_OBJC_BRIDGING_HEADER = "";
				SWIFT_VERSION = 4.0;
				TARGETED_DEVICE_FAMILY = 1;
			};
			name = Release;
		};
/* End XCBuildConfiguration section */

/* Begin XCConfigurationList section */
		5668D35C1F7E146B00D24C39 /* Build configuration list for PBXProject "U17" */ = {
			isa = XCConfigurationList;
			buildConfigurations = (
				5668D3711F7E146B00D24C39 /* Debug */,
				5668D3721F7E146B00D24C39 /* Release */,
			);
			defaultConfigurationIsVisible = 0;
			defaultConfigurationName = Release;
		};
		5668D3731F7E146B00D24C39 /* Build configuration list for PBXNativeTarget "U17" */ = {
			isa = XCConfigurationList;
			buildConfigurations = (
				5668D3741F7E146B00D24C39 /* Debug */,
				5668D3751F7E146B00D24C39 /* Release */,
			);
			defaultConfigurationIsVisible = 0;
			defaultConfigurationName = Release;
		};
/* End XCConfigurationList section */
	};
	rootObject = 5668D3591F7E146B00D24C39 /* Project object */;
}
